
Microsoft Visual Studio Solution File, Format Version 12.00
# Visual Studio Version 17
VisualStudioVersion = 17.11.35327.3
MinimumVisualStudioVersion = 10.0.40219.1
Project("{FAE04EC0-301F-11D3-BF4B-00C04F79EFBC}") = "ProductService", "ProductService.csproj", "{F4334C52-B55C-4816-98DA-8DBED1158ADB}"
EndProject
Global
	GlobalSection(SolutionConfigurationPlatforms) = preSolution
		Debug|Any CPU = Debug|Any CPU
		Release|Any CPU = Release|Any CPU
	EndGlobalSection
	GlobalSection(ProjectConfigurationPlatforms) = postSolution
		{F4334C52-B55C-4816-98DA-8DBED1158ADB}.Debug|Any CPU.ActiveCfg = Debug|Any CPU
		{F4334C52-B55C-4816-98DA-8DBED1158ADB}.Debug|Any CPU.Build.0 = Debug|Any CPU
		{F4334C52-B55C-4816-98DA-8DBED1158ADB}.Release|Any CPU.ActiveCfg = Release|Any CPU
		{F4334C52-B55C-4816-98DA-8DBED1158ADB}.Release|Any CPU.Build.0 = Release|Any CPU
	EndGlobalSection
	GlobalSection(SolutionProperties) = preSolution
		HideSolutionNode = FALSE
	EndGlobalSection
	GlobalSection(ExtensibilityGlobals) = postSolution
		SolutionGuid = {FB5F42A6-30D1-4E36-AA51-A5412FCE306C}
	EndGlobalSection
EndGlobal
